<?xml version="1.0" encoding="utf-8"?>
<Project ToolsVersion="4.0" xmlns="http://schemas.microsoft.com/developer/msbuild/2003">
  <ItemGroup>
    <ClInclude Include="src\Core\engineCore.h" />
    <ClInclude Include="src\Core\engineFileSystem.h" />
    <ClInclude Include="src\Core\engineWindow.h" />
    <ClInclude Include="src\Core\engineBuffers.h" />
    <ClInclude Include="src\Core\engineMath.h" />
    <ClInclude Include="src\Renderer\engineMesh.h" />
    <ClInclude Include="src\Renderer\engineRenderer.h" />
    <ClInclude Include="src\Renderer\engineRendererData.h" />
    <ClInclude Include="src\Renderer\engineCamera.h" />
    <ClInclude Include="src\Physics\engineCollisions.h" />
    <ClInclude Include="src\Physics\engineParticle.h" />
    <ClInclude Include="src\Scene\engineScene.h" />
    <ClInclude Include="src\Scene\engineComponent.h" />
    <ClInclude Include="src\Scene\engineComponentIds.h" />
    <ClInclude Include="src\Scene\engineLights.h" />
  </ItemGroup>
  <ItemGroup>
    <ClCompile Include="src\run.cpp" />
    <ClCompile Include="src\Core\engineImplementGL.cpp" />
  </ItemGroup>
  <ItemGroup>
    <None Include="assets\shaders\texture.vert" />
    <None Include="assets\shaders\texture.frag" />
    <None Include="assets\shaders\post_light.vert" />
    <None Include="assets\shaders\post_light.frag" />
  </ItemGroup>
</Project>